
Microsoft Visual Studio Solution File, Format Version 12.00
# Visual Studio Version 17
VisualStudioVersion = 17.2.32519.379
MinimumVisualStudioVersion = 10.0.40219.1
Project("{FAE04EC0-301F-11D3-BF4B-00C04F79EFBC}") = "MVCWithOpenTelemetry", "MVCWithOpenTelemetry\MVCWithOpenTelemetry.csproj", "{584EC9AE-9EF3-4A14-BE28-2DCB23A06C44}"
EndProject
Global
	GlobalSection(SolutionConfigurationPlatforms) = preSolution
		Debug|Any CPU = Debug|Any CPU
		Release|Any CPU = Release|Any CPU
	EndGlobalSection
	GlobalSection(ProjectConfigurationPlatforms) = postSolution
		{584EC9AE-9EF3-4A14-BE28-2DCB23A06C44}.Debug|Any CPU.ActiveCfg = Debug|Any CPU
		{584EC9AE-9EF3-4A14-BE28-2DCB23A06C44}.Debug|Any CPU.Build.0 = Debug|Any CPU
		{584EC9AE-9EF3-4A14-BE28-2DCB23A06C44}.Release|Any CPU.ActiveCfg = Release|Any CPU
		{584EC9AE-9EF3-4A14-BE28-2DCB23A06C44}.Release|Any CPU.Build.0 = Release|Any CPU
	EndGlobalSection
	GlobalSection(SolutionProperties) = preSolution
		HideSolutionNode = FALSE
	EndGlobalSection
	GlobalSection(ExtensibilityGlobals) = postSolution
		SolutionGuid = {90F04800-D211-4A44-ABFF-180EBA98E440}
	EndGlobalSection
EndGlobal
